
Microsoft Visual Studio Solution File, Format Version 12.00
# Visual Studio Version 16
VisualStudioVersion = 16.0.30907.101
MinimumVisualStudioVersion = 10.0.40219.1
Project("{FAE04EC0-301F-11D3-BF4B-00C04F79EFBC}") = "StringComparer", "StringComparer\StringComparer.csproj", "{239EF7CA-7FF7-4F47-94A7-99EA31CE356E}"
EndProject
Global
	GlobalSection(SolutionConfigurationPlatforms) = preSolution
		Debug|Any CPU = Debug|Any CPU
		Release|Any CPU = Release|Any CPU
	EndGlobalSection
	GlobalSection(ProjectConfigurationPlatforms) = postSolution
		{239EF7CA-7FF7-4F47-94A7-99EA31CE356E}.Debug|Any CPU.ActiveCfg = Debug|Any CPU
		{239EF7CA-7FF7-4F47-94A7-99EA31CE356E}.Debug|Any CPU.Build.0 = Debug|Any CPU
		{239EF7CA-7FF7-4F47-94A7-99EA31CE356E}.Release|Any CPU.ActiveCfg = Release|Any CPU
		{239EF7CA-7FF7-4F47-94A7-99EA31CE356E}.Release|Any CPU.Build.0 = Release|Any CPU
	EndGlobalSection
	GlobalSection(SolutionProperties) = preSolution
		HideSolutionNode = FALSE
	EndGlobalSection
	GlobalSection(ExtensibilityGlobals) = postSolution
		SolutionGuid = {C8084D87-4CA2-41DD-B6DB-103A6BE37042}
	EndGlobalSection
EndGlobal
